
Microsoft Visual Studio Solution File, Format Version 12.00
# Visual Studio Version 17
VisualStudioVersion = 17.14.36119.2
MinimumVisualStudioVersion = 10.0.40219.1
Project("{FAE04EC0-301F-11D3-BF4B-00C04F79EFBC}") = "TiklabChallenge.API", "TiklabChallenge.API\TiklabChallenge.API.csproj", "{1A5EFE06-EB8A-4AE3-BE66-69B31912A815}"
EndProject
Project("{FAE04EC0-301F-11D3-BF4B-00C04F79EFBC}") = "TiklabChallenge.Core", "TiklabChallenge.Core\TiklabChallenge.Core.csproj", "{05BD2635-0510-4698-9838-574CDA28EDF8}"
EndProject
Project("{FAE04EC0-301F-11D3-BF4B-00C04F79EFBC}") = "TiklabChallenge.Infrastructure", "TiklabChallenge.Infrastructure\TiklabChallenge.Infrastructure.csproj", "{9DCD184F-1049-428F-B907-579E6A3EC954}"
EndProject
Project("{FAE04EC0-301F-11D3-BF4B-00C04F79EFBC}") = "TiklabChallenge.UseCases", "TiklabChallenge.UseCases\TiklabChallenge.UseCases.csproj", "{D7DB06D2-FB8D-4D21-ACD8-0E752B01771F}"
EndProject
Project("{E53339B2-1760-4266-BCC7-CA923CBCF16C}") = "docker-compose", "docker-compose.dcproj", "{81DDED9D-158B-E303-5F62-77A2896D2A5A}"
EndProject
Global
	GlobalSection(SolutionConfigurationPlatforms) = preSolution
		Debug|Any CPU = Debug|Any CPU
		Release|Any CPU = Release|Any CPU
	EndGlobalSection
	GlobalSection(ProjectConfigurationPlatforms) = postSolution
		{1A5EFE06-EB8A-4AE3-BE66-69B31912A815}.Debug|Any CPU.ActiveCfg = Debug|Any CPU
		{1A5EFE06-EB8A-4AE3-BE66-69B31912A815}.Debug|Any CPU.Build.0 = Debug|Any CPU
		{1A5EFE06-EB8A-4AE3-BE66-69B31912A815}.Release|Any CPU.ActiveCfg = Release|Any CPU
		{1A5EFE06-EB8A-4AE3-BE66-69B31912A815}.Release|Any CPU.Build.0 = Release|Any CPU
		{05BD2635-0510-4698-9838-574CDA28EDF8}.Debug|Any CPU.ActiveCfg = Debug|Any CPU
		{05BD2635-0510-4698-9838-574CDA28EDF8}.Debug|Any CPU.Build.0 = Debug|Any CPU
		{05BD2635-0510-4698-9838-574CDA28EDF8}.Release|Any CPU.ActiveCfg = Release|Any CPU
		{05BD2635-0510-4698-9838-574CDA28EDF8}.Release|Any CPU.Build.0 = Release|Any CPU
		{9DCD184F-1049-428F-B907-579E6A3EC954}.Debug|Any CPU.ActiveCfg = Debug|Any CPU
		{9DCD184F-1049-428F-B907-579E6A3EC954}.Debug|Any CPU.Build.0 = Debug|Any CPU
		{9DCD184F-1049-428F-B907-579E6A3EC954}.Release|Any CPU.ActiveCfg = Release|Any CPU
		{9DCD184F-1049-428F-B907-579E6A3EC954}.Release|Any CPU.Build.0 = Release|Any CPU
		{D7DB06D2-FB8D-4D21-ACD8-0E752B01771F}.Debug|Any CPU.ActiveCfg = Debug|Any CPU
		{D7DB06D2-FB8D-4D21-ACD8-0E752B01771F}.Debug|Any CPU.Build.0 = Debug|Any CPU
		{D7DB06D2-FB8D-4D21-ACD8-0E752B01771F}.Release|Any CPU.ActiveCfg = Release|Any CPU
		{D7DB06D2-FB8D-4D21-ACD8-0E752B01771F}.Release|Any CPU.Build.0 = Release|Any CPU
		{81DDED9D-158B-E303-5F62-77A2896D2A5A}.Debug|Any CPU.ActiveCfg = Debug|Any CPU
		{81DDED9D-158B-E303-5F62-77A2896D2A5A}.Debug|Any CPU.Build.0 = Debug|Any CPU
		{81DDED9D-158B-E303-5F62-77A2896D2A5A}.Release|Any CPU.ActiveCfg = Release|Any CPU
		{81DDED9D-158B-E303-5F62-77A2896D2A5A}.Release|Any CPU.Build.0 = Release|Any CPU
	EndGlobalSection
	GlobalSection(SolutionProperties) = preSolution
		HideSolutionNode = FALSE
	EndGlobalSection
	GlobalSection(ExtensibilityGlobals) = postSolution
		SolutionGuid = {0C42FBB1-9416-476B-8128-AF3A1F434D54}
	EndGlobalSection
EndGlobal
